// !$*UTF8*$!
{
	archiveVersion = 1;
	classes = {
	};
	objectVersion = 46;
	objects = {

/* Begin PBXBuildFile section */
		338164E01D4726D20025752C /* main.m in Sources */ = {isa = PBXBuildFile; fileRef = 338164DF1D4726D20025752C /* main.m */; };
		338164E31D4726D20025752C /* AppDelegate.m in Sources */ = {isa = PBXBuildFile; fileRef = 338164E21D4726D20025752C /* AppDelegate.m */; };
		338164E91D4726D20025752C /* Main.storyboard in Resources */ = {isa = PBXBuildFile; fileRef = 338164E71D4726D20025752C /* Main.storyboard */; };
		338164EB1D4726D20025752C /* Assets.xcassets in Resources */ = {isa = PBXBuildFile; fileRef = 338164EA1D4726D20025752C /* Assets.xcassets */; };
		338164EE1D4726D20025752C /* LaunchScreen.storyboard in Resources */ = {isa = PBXBuildFile; fileRef = 338164EC1D4726D20025752C /* LaunchScreen.storyboard */; };
		338164FB1D4729360025752C /* HomeViewController.m in Sources */ = {isa = PBXBuildFile; fileRef = 338164FA1D4729360025752C /* HomeViewController.m */; };
		338164FE1D47295E0025752C /* IntroViewController.m in Sources */ = {isa = PBXBuildFile; fileRef = 338164FD1D47295E0025752C /* IntroViewController.m */; };
		338165041D4729D50025752C /* ProfileViewController.m in Sources */ = {isa = PBXBuildFile; fileRef = 338165031D4729D50025752C /* ProfileViewController.m */; };
		338165071D4729EC0025752C /* LoginViewController.m in Sources */ = {isa = PBXBuildFile; fileRef = 338165061D4729EC0025752C /* LoginViewController.m */; };
		3381650D1D472BB10025752C /* Setting.plist in Resources */ = {isa = PBXBuildFile; fileRef = 3381650C1D472BB10025752C /* Setting.plist */; };
		3381650F1D472BBE0025752C /* SSO.plist in Resources */ = {isa = PBXBuildFile; fileRef = 3381650E1D472BBD0025752C /* SSO.plist */; };
		338800151D483EB40048AD47 /* Localizable.strings in Resources */ = {isa = PBXBuildFile; fileRef = 338800171D483EB40048AD47 /* Localizable.strings */; };
		3388001C1D4846C00048AD47 /* Canape.storyboard in Resources */ = {isa = PBXBuildFile; fileRef = 3388001B1D4846C00048AD47 /* Canape.storyboard */; };
		338800391D4847920048AD47 /* ActionSheetViewController.m in Sources */ = {isa = PBXBuildFile; fileRef = 3388001F1D4847920048AD47 /* ActionSheetViewController.m */; };
		3388003A1D4847920048AD47 /* AlertViewController.m in Sources */ = {isa = PBXBuildFile; fileRef = 338800211D4847920048AD47 /* AlertViewController.m */; };
		3388003B1D4847920048AD47 /* ComboSample.m in Sources */ = {isa = PBXBuildFile; fileRef = 338800231D4847920048AD47 /* ComboSample.m */; };
		3388003C1D4847920048AD47 /* EncryptionPlistViewController.m in Sources */ = {isa = PBXBuildFile; fileRef = 338800251D4847920048AD47 /* EncryptionPlistViewController.m */; };
		3388003D1D4847920048AD47 /* LoaderViewController.m in Sources */ = {isa = PBXBuildFile; fileRef = 338800271D4847920048AD47 /* LoaderViewController.m */; };
		3388003E1D4847920048AD47 /* PlistViewController.m in Sources */ = {isa = PBXBuildFile; fileRef = 338800291D4847920048AD47 /* PlistViewController.m */; };
		3388003F1D4847920048AD47 /* SelectableButtonViewController.m in Sources */ = {isa = PBXBuildFile; fileRef = 3388002B1D4847920048AD47 /* SelectableButtonViewController.m */; };
		338800401D4847920048AD47 /* StackViewController.m in Sources */ = {isa = PBXBuildFile; fileRef = 3388002D1D4847920048AD47 /* StackViewController.m */; };
		338800411D4847920048AD47 /* ToastViewController.m in Sources */ = {isa = PBXBuildFile; fileRef = 3388002F1D4847920048AD47 /* ToastViewController.m */; };
		338800421D4847920048AD47 /* TokenViewController.m in Sources */ = {isa = PBXBuildFile; fileRef = 338800311D4847920048AD47 /* TokenViewController.m */; };
		338800431D4847920048AD47 /* ValidationViewController.m in Sources */ = {isa = PBXBuildFile; fileRef = 338800331D4847920048AD47 /* ValidationViewController.m */; };
		338800441D4847920048AD47 /* View.xib in Resources */ = {isa = PBXBuildFile; fileRef = 338800341D4847920048AD47 /* View.xib */; };
		338800451D4847920048AD47 /* ViewPagerSubViewController.m in Sources */ = {isa = PBXBuildFile; fileRef = 338800361D4847920048AD47 /* ViewPagerSubViewController.m */; };
		338800461D4847920048AD47 /* ViewPagerViewController.m in Sources */ = {isa = PBXBuildFile; fileRef = 338800381D4847920048AD47 /* ViewPagerViewController.m */; };
		3388004A1D484B430048AD47 /* BaseMainViewController.m in Sources */ = {isa = PBXBuildFile; fileRef = 338800491D484B430048AD47 /* BaseMainViewController.m */; };
		3388004E1D484C550048AD47 /* CanapeSampleViewController.m in Sources */ = {isa = PBXBuildFile; fileRef = 3388004D1D484C550048AD47 /* CanapeSampleViewController.m */; };
		338800521D4871070048AD47 /* Combo.m in Sources */ = {isa = PBXBuildFile; fileRef = 338800511D4871070048AD47 /* Combo.m */; };
		338800581D4B1D2A0048AD47 /* AutoResizeTextView.m in Sources */ = {isa = PBXBuildFile; fileRef = 338800571D4B1D2A0048AD47 /* AutoResizeTextView.m */; };
		3388005C1D4F41C20048AD47 /* Profile.m in Sources */ = {isa = PBXBuildFile; fileRef = 3388005B1D4F41C20048AD47 /* Profile.m */; };
		338800801D5060790048AD47 /* ProfileTableViewComboCell.m in Sources */ = {isa = PBXBuildFile; fileRef = 338800731D5060790048AD47 /* ProfileTableViewComboCell.m */; };
		338800821D5060790048AD47 /* ProfileTableViewController.m in Sources */ = {isa = PBXBuildFile; fileRef = 338800771D5060790048AD47 /* ProfileTableViewController.m */; };
		338800831D5060790048AD47 /* ProfileTableViewImageViewCell.m in Sources */ = {isa = PBXBuildFile; fileRef = 338800791D5060790048AD47 /* ProfileTableViewImageViewCell.m */; };
		338800841D5060790048AD47 /* ProfileTableViewSubTitleCell.m in Sources */ = {isa = PBXBuildFile; fileRef = 3388007B1D5060790048AD47 /* ProfileTableViewSubTitleCell.m */; };
		338800851D5060790048AD47 /* ProfileTableViewTextFieldCell.m in Sources */ = {isa = PBXBuildFile; fileRef = 3388007D1D5060790048AD47 /* ProfileTableViewTextFieldCell.m */; };
		338800861D5060790048AD47 /* ProfileTableViewTextViewCell.m in Sources */ = {isa = PBXBuildFile; fileRef = 3388007F1D5060790048AD47 /* ProfileTableViewTextViewCell.m */; };
		3388008A1D669C7E0048AD47 /* CommonUtil.m in Sources */ = {isa = PBXBuildFile; fileRef = 338800891D669C7E0048AD47 /* CommonUtil.m */; };
		3388008D1D6AE1230048AD47 /* ProfileTextViewDetailViewController.m in Sources */ = {isa = PBXBuildFile; fileRef = 3388008C1D6AE1230048AD47 /* ProfileTextViewDetailViewController.m */; };
		338800911D6BE4BC0048AD47 /* ProfileTextFieldDetailViewController.m in Sources */ = {isa = PBXBuildFile; fileRef = 338800901D6BE4BC0048AD47 /* ProfileTextFieldDetailViewController.m */; };
		338800941D6BE94A0048AD47 /* ProfileTextDetailViewController.m in Sources */ = {isa = PBXBuildFile; fileRef = 338800931D6BE94A0048AD47 /* ProfileTextDetailViewController.m */; };
		338800971D6C076B0048AD47 /* SelectList.m in Sources */ = {isa = PBXBuildFile; fileRef = 338800961D6C076B0048AD47 /* SelectList.m */; };
		3388009A1D6C17E80048AD47 /* Combo2.m in Sources */ = {isa = PBXBuildFile; fileRef = 338800991D6C17E80048AD47 /* Combo2.m */; };
		3388009D1D6E7B370048AD47 /* GuideViewController.m in Sources */ = {isa = PBXBuildFile; fileRef = 3388009C1D6E7B370048AD47 /* GuideViewController.m */; };
		3388009F1D6E90A10048AD47 /* Join.storyboard in Resources */ = {isa = PBXBuildFile; fileRef = 3388009E1D6E90A10048AD47 /* Join.storyboard */; };
		338800A21D6EDD500048AD47 /* ValidateTextField.m in Sources */ = {isa = PBXBuildFile; fileRef = 338800A11D6EDD500048AD47 /* ValidateTextField.m */; };
		CB4D68272876320866B33597 /* libPods-Soulmate.a in Frameworks */ = {isa = PBXBuildFile; fileRef = 970DDAE8515BE9CF68632053 /* libPods-Soulmate.a */; };
/* End PBXBuildFile section */

/* Begin PBXFileReference section */
		0ED4A85756E406DA99B9261B /* Pods-Soulmate.debug.xcconfig */ = {isa = PBXFileReference; includeInIndex = 1; lastKnownFileType = text.xcconfig; name = "Pods-Soulmate.debug.xcconfig"; path = "Pods/Target Support Files/Pods-Soulmate/Pods-Soulmate.debug.xcconfig"; sourceTree = "<group>"; };
		338164DB1D4726D20025752C /* Soulmate.app */ = {isa = PBXFileReference; explicitFileType = wrapper.application; includeInIndex = 0; path = Soulmate.app; sourceTree = BUILT_PRODUCTS_DIR; };
		338164DF1D4726D20025752C /* main.m */ = {isa = PBXFileReference; lastKnownFileType = sourcecode.c.objc; path = main.m; sourceTree = "<group>"; };
		338164E11D4726D20025752C /* AppDelegate.h */ = {isa = PBXFileReference; lastKnownFileType = sourcecode.c.h; path = AppDelegate.h; sourceTree = "<group>"; };
		338164E21D4726D20025752C /* AppDelegate.m */ = {isa = PBXFileReference; lastKnownFileType = sourcecode.c.objc; path = AppDelegate.m; sourceTree = "<group>"; };
		338164E81D4726D20025752C /* Base */ = {isa = PBXFileReference; lastKnownFileType = file.storyboard; name = Base; path = Base.lproj/Main.storyboard; sourceTree = "<group>"; };
		338164EA1D4726D20025752C /* Assets.xcassets */ = {isa = PBXFileReference; lastKnownFileType = folder.assetcatalog; path = Assets.xcassets; sourceTree = "<group>"; };
		338164ED1D4726D20025752C /* Base */ = {isa = PBXFileReference; lastKnownFileType = file.storyboard; name = Base; path = Base.lproj/LaunchScreen.storyboard; sourceTree = "<group>"; };
		338164EF1D4726D20025752C /* Info.plist */ = {isa = PBXFileReference; lastKnownFileType = text.plist.xml; path = Info.plist; sourceTree = "<group>"; };
		338164F91D4729360025752C /* HomeViewController.h */ = {isa = PBXFileReference; fileEncoding = 4; lastKnownFileType = sourcecode.c.h; name = HomeViewController.h; path = Classes/Home/HomeViewController.h; sourceTree = "<group>"; };
		338164FA1D4729360025752C /* HomeViewController.m */ = {isa = PBXFileReference; fileEncoding = 4; lastKnownFileType = sourcecode.c.objc; name = HomeViewController.m; path = Classes/Home/HomeViewController.m; sourceTree = "<group>"; };
		338164FC1D47295E0025752C /* IntroViewController.h */ = {isa = PBXFileReference; fileEncoding = 4; lastKnownFileType = sourcecode.c.h; name = IntroViewController.h; path = Classes/Home/IntroViewController.h; sourceTree = "<group>"; };
		338164FD1D47295E0025752C /* IntroViewController.m */ = {isa = PBXFileReference; fileEncoding = 4; lastKnownFileType = sourcecode.c.objc; name = IntroViewController.m; path = Classes/Home/IntroViewController.m; sourceTree = "<group>"; };
		338165021D4729D50025752C /* ProfileViewController.h */ = {isa = PBXFileReference; fileEncoding = 4; lastKnownFileType = sourcecode.c.h; name = ProfileViewController.h; path = Classes/Account/Profile/ProfileViewController.h; sourceTree = "<group>"; };
		338165031D4729D50025752C /* ProfileViewController.m */ = {isa = PBXFileReference; fileEncoding = 4; lastKnownFileType = sourcecode.c.objc; name = ProfileViewController.m; path = Classes/Account/Profile/ProfileViewController.m; sourceTree = "<group>"; };
		338165051D4729EC0025752C /* LoginViewController.h */ = {isa = PBXFileReference; fileEncoding = 4; lastKnownFileType = sourcecode.c.h; name = LoginViewController.h; path = Classes/Account/Login/LoginViewController.h; sourceTree = "<group>"; };
		338165061D4729EC0025752C /* LoginViewController.m */ = {isa = PBXFileReference; fileEncoding = 4; lastKnownFileType = sourcecode.c.objc; name = LoginViewController.m; path = Classes/Account/Login/LoginViewController.m; sourceTree = "<group>"; };
		3381650C1D472BB10025752C /* Setting.plist */ = {isa = PBXFileReference; fileEncoding = 4; lastKnownFileType = text.plist.xml; path = Setting.plist; sourceTree = "<group>"; };
		3381650E1D472BBD0025752C /* SSO.plist */ = {isa = PBXFileReference; fileEncoding = 4; lastKnownFileType = text.plist.xml; path = SSO.plist; sourceTree = "<group>"; };
		338800111D483E0D0048AD47 /* ko */ = {isa = PBXFileReference; lastKnownFileType = text.plist.strings; name = ko; path = ko.lproj/Main.strings; sourceTree = "<group>"; };
		338800121D483E0D0048AD47 /* ko */ = {isa = PBXFileReference; lastKnownFileType = text.plist.strings; name = ko; path = ko.lproj/LaunchScreen.strings; sourceTree = "<group>"; };
		338800181D483EB70048AD47 /* en */ = {isa = PBXFileReference; lastKnownFileType = text.plist.strings; name = en; path = en.lproj/Localizable.strings; sourceTree = "<group>"; };
		338800191D483EC20048AD47 /* ko */ = {isa = PBXFileReference; lastKnownFileType = text.plist.strings; name = ko; path = ko.lproj/Localizable.strings; sourceTree = "<group>"; };
		3388001B1D4846C00048AD47 /* Canape.storyboard */ = {isa = PBXFileReference; fileEncoding = 4; lastKnownFileType = file.storyboard; name = Canape.storyboard; path = Storyboards/Canape.storyboard; sourceTree = "<group>"; };
		3388001E1D4847920048AD47 /* ActionSheetViewController.h */ = {isa = PBXFileReference; fileEncoding = 4; lastKnownFileType = sourcecode.c.h; path = ActionSheetViewController.h; sourceTree = "<group>"; };
		3388001F1D4847920048AD47 /* ActionSheetViewController.m */ = {isa = PBXFileReference; fileEncoding = 4; lastKnownFileType = sourcecode.c.objc; path = ActionSheetViewController.m; sourceTree = "<group>"; };
		338800201D4847920048AD47 /* AlertViewController.h */ = {isa = PBXFileReference; fileEncoding = 4; lastKnownFileType = sourcecode.c.h; path = AlertViewController.h; sourceTree = "<group>"; };
		338800211D4847920048AD47 /* AlertViewController.m */ = {isa = PBXFileReference; fileEncoding = 4; lastKnownFileType = sourcecode.c.objc; path = AlertViewController.m; sourceTree = "<group>"; };
		338800221D4847920048AD47 /* ComboSample.h */ = {isa = PBXFileReference; fileEncoding = 4; lastKnownFileType = sourcecode.c.h; path = ComboSample.h; sourceTree = "<group>"; };
		338800231D4847920048AD47 /* ComboSample.m */ = {isa = PBXFileReference; fileEncoding = 4; lastKnownFileType = sourcecode.c.objc; path = ComboSample.m; sourceTree = "<group>"; };
		338800241D4847920048AD47 /* EncryptionPlistViewController.h */ = {isa = PBXFileReference; fileEncoding = 4; lastKnownFileType = sourcecode.c.h; path = EncryptionPlistViewController.h; sourceTree = "<group>"; };
		338800251D4847920048AD47 /* EncryptionPlistViewController.m */ = {isa = PBXFileReference; fileEncoding = 4; lastKnownFileType = sourcecode.c.objc; path = EncryptionPlistViewController.m; sourceTree = "<group>"; };
		338800261D4847920048AD47 /* LoaderViewController.h */ = {isa = PBXFileReference; fileEncoding = 4; lastKnownFileType = sourcecode.c.h; path = LoaderViewController.h; sourceTree = "<group>"; };
		338800271D4847920048AD47 /* LoaderViewController.m */ = {isa = PBXFileReference; fileEncoding = 4; lastKnownFileType = sourcecode.c.objc; path = LoaderViewController.m; sourceTree = "<group>"; };
		338800281D4847920048AD47 /* PlistViewController.h */ = {isa = PBXFileReference; fileEncoding = 4; lastKnownFileType = sourcecode.c.h; path = PlistViewController.h; sourceTree = "<group>"; };
		338800291D4847920048AD47 /* PlistViewController.m */ = {isa = PBXFileReference; fileEncoding = 4; lastKnownFileType = sourcecode.c.objc; path = PlistViewController.m; sourceTree = "<group>"; };
		3388002A1D4847920048AD47 /* SelectableButtonViewController.h */ = {isa = PBXFileReference; fileEncoding = 4; lastKnownFileType = sourcecode.c.h; path = SelectableButtonViewController.h; sourceTree = "<group>"; };
		3388002B1D4847920048AD47 /* SelectableButtonViewController.m */ = {isa = PBXFileReference; fileEncoding = 4; lastKnownFileType = sourcecode.c.objc; path = SelectableButtonViewController.m; sourceTree = "<group>"; };
		3388002C1D4847920048AD47 /* StackViewController.h */ = {isa = PBXFileReference; fileEncoding = 4; lastKnownFileType = sourcecode.c.h; path = StackViewController.h; sourceTree = "<group>"; };
		3388002D1D4847920048AD47 /* StackViewController.m */ = {isa = PBXFileReference; fileEncoding = 4; lastKnownFileType = sourcecode.c.objc; path = StackViewController.m; sourceTree = "<group>"; };
		3388002E1D4847920048AD47 /* ToastViewController.h */ = {isa = PBXFileReference; fileEncoding = 4; lastKnownFileType = sourcecode.c.h; path = ToastViewController.h; sourceTree = "<group>"; };
		3388002F1D4847920048AD47 /* ToastViewController.m */ = {isa = PBXFileReference; fileEncoding = 4; lastKnownFileType = sourcecode.c.objc; path = ToastViewController.m; sourceTree = "<group>"; };
		338800301D4847920048AD47 /* TokenViewController.h */ = {isa = PBXFileReference; fileEncoding = 4; lastKnownFileType = sourcecode.c.h; path = TokenViewController.h; sourceTree = "<group>"; };
		338800311D4847920048AD47 /* TokenViewController.m */ = {isa = PBXFileReference; fileEncoding = 4; lastKnownFileType = sourcecode.c.objc; path = TokenViewController.m; sourceTree = "<group>"; };
		338800321D4847920048AD47 /* ValidationViewController.h */ = {isa = PBXFileReference; fileEncoding = 4; lastKnownFileType = sourcecode.c.h; path = ValidationViewController.h; sourceTree = "<group>"; };
		338800331D4847920048AD47 /* ValidationViewController.m */ = {isa = PBXFileReference; fileEncoding = 4; lastKnownFileType = sourcecode.c.objc; path = ValidationViewController.m; sourceTree = "<group>"; };
		338800341D4847920048AD47 /* View.xib */ = {isa = PBXFileReference; fileEncoding = 4; lastKnownFileType = file.xib; path = View.xib; sourceTree = "<group>"; };
		338800351D4847920048AD47 /* ViewPagerSubViewController.h */ = {isa = PBXFileReference; fileEncoding = 4; lastKnownFileType = sourcecode.c.h; path = ViewPagerSubViewController.h; sourceTree = "<group>"; };
		338800361D4847920048AD47 /* ViewPagerSubViewController.m */ = {isa = PBXFileReference; fileEncoding = 4; lastKnownFileType = sourcecode.c.objc; path = ViewPagerSubViewController.m; sourceTree = "<group>"; };
		338800371D4847920048AD47 /* ViewPagerViewController.h */ = {isa = PBXFileReference; fileEncoding = 4; lastKnownFileType = sourcecode.c.h; path = ViewPagerViewController.h; sourceTree = "<group>"; };
		338800381D4847920048AD47 /* ViewPagerViewController.m */ = {isa = PBXFileReference; fileEncoding = 4; lastKnownFileType = sourcecode.c.objc; path = ViewPagerViewController.m; sourceTree = "<group>"; };
		338800481D484B430048AD47 /* BaseMainViewController.h */ = {isa = PBXFileReference; fileEncoding = 4; lastKnownFileType = sourcecode.c.h; name = BaseMainViewController.h; path = Classes/Common/ViewController/BaseMainViewController.h; sourceTree = "<group>"; };
		338800491D484B430048AD47 /* BaseMainViewController.m */ = {isa = PBXFileReference; fileEncoding = 4; lastKnownFileType = sourcecode.c.objc; name = BaseMainViewController.m; path = Classes/Common/ViewController/BaseMainViewController.m; sourceTree = "<group>"; };
		3388004B1D484BD10048AD47 /* CanapeSampleConstants.h */ = {isa = PBXFileReference; fileEncoding = 4; lastKnownFileType = sourcecode.c.h; path = CanapeSampleConstants.h; sourceTree = "<group>"; };
		3388004C1D484C550048AD47 /* CanapeSampleViewController.h */ = {isa = PBXFileReference; fileEncoding = 4; lastKnownFileType = sourcecode.c.h; path = CanapeSampleViewController.h; sourceTree = "<group>"; };
		3388004D1D484C550048AD47 /* CanapeSampleViewController.m */ = {isa = PBXFileReference; fileEncoding = 4; lastKnownFileType = sourcecode.c.objc; path = CanapeSampleViewController.m; sourceTree = "<group>"; };
		338800501D4871070048AD47 /* Combo.h */ = {isa = PBXFileReference; fileEncoding = 4; lastKnownFileType = sourcecode.c.h; name = Combo.h; path = Classes/Common/Control/Combo.h; sourceTree = "<group>"; };
		338800511D4871070048AD47 /* Combo.m */ = {isa = PBXFileReference; fileEncoding = 4; lastKnownFileType = sourcecode.c.objc; name = Combo.m; path = Classes/Common/Control/Combo.m; sourceTree = "<group>"; };
		338800561D4B1D2A0048AD47 /* AutoResizeTextView.h */ = {isa = PBXFileReference; fileEncoding = 4; lastKnownFileType = sourcecode.c.h; name = AutoResizeTextView.h; path = Classes/Common/Control/AutoResizeTextView.h; sourceTree = "<group>"; };
		338800571D4B1D2A0048AD47 /* AutoResizeTextView.m */ = {isa = PBXFileReference; fileEncoding = 4; lastKnownFileType = sourcecode.c.objc; name = AutoResizeTextView.m; path = Classes/Common/Control/AutoResizeTextView.m; sourceTree = "<group>"; };
		3388005A1D4F41C20048AD47 /* Profile.h */ = {isa = PBXFileReference; fileEncoding = 4; lastKnownFileType = sourcecode.c.h; name = Profile.h; path = Classes/Common/Model/Profile.h; sourceTree = "<group>"; };
		3388005B1D4F41C20048AD47 /* Profile.m */ = {isa = PBXFileReference; fileEncoding = 4; lastKnownFileType = sourcecode.c.objc; name = Profile.m; path = Classes/Common/Model/Profile.m; sourceTree = "<group>"; };
		338800721D5060790048AD47 /* ProfileTableViewComboCell.h */ = {isa = PBXFileReference; fileEncoding = 4; lastKnownFileType = sourcecode.c.h; name = ProfileTableViewComboCell.h; path = Classes/Account/Profile/ProfileTableViewComboCell.h; sourceTree = "<group>"; };
		338800731D5060790048AD47 /* ProfileTableViewComboCell.m */ = {isa = PBXFileReference; fileEncoding = 4; lastKnownFileType = sourcecode.c.objc; name = ProfileTableViewComboCell.m; path = Classes/Account/Profile/ProfileTableViewComboCell.m; sourceTree = "<group>"; };
		338800761D5060790048AD47 /* ProfileTableViewController.h */ = {isa = PBXFileReference; fileEncoding = 4; lastKnownFileType = sourcecode.c.h; name = ProfileTableViewController.h; path = Classes/Account/Profile/ProfileTableViewController.h; sourceTree = "<group>"; };
		338800771D5060790048AD47 /* ProfileTableViewController.m */ = {isa = PBXFileReference; fileEncoding = 4; lastKnownFileType = sourcecode.c.objc; name = ProfileTableViewController.m; path = Classes/Account/Profile/ProfileTableViewController.m; sourceTree = "<group>"; };
		338800781D5060790048AD47 /* ProfileTableViewImageViewCell.h */ = {isa = PBXFileReference; fileEncoding = 4; lastKnownFileType = sourcecode.c.h; name = ProfileTableViewImageViewCell.h; path = Classes/Account/Profile/ProfileTableViewImageViewCell.h; sourceTree = "<group>"; };
		338800791D5060790048AD47 /* ProfileTableViewImageViewCell.m */ = {isa = PBXFileReference; fileEncoding = 4; lastKnownFileType = sourcecode.c.objc; name = ProfileTableViewImageViewCell.m; path = Classes/Account/Profile/ProfileTableViewImageViewCell.m; sourceTree = "<group>"; };
		3388007A1D5060790048AD47 /* ProfileTableViewSubTitleCell.h */ = {isa = PBXFileReference; fileEncoding = 4; lastKnownFileType = sourcecode.c.h; name = ProfileTableViewSubTitleCell.h; path = Classes/Account/Profile/ProfileTableViewSubTitleCell.h; sourceTree = "<group>"; };
		3388007B1D5060790048AD47 /* ProfileTableViewSubTitleCell.m */ = {isa = PBXFileReference; fileEncoding = 4; lastKnownFileType = sourcecode.c.objc; name = ProfileTableViewSubTitleCell.m; path = Classes/Account/Profile/ProfileTableViewSubTitleCell.m; sourceTree = "<group>"; };
		3388007C1D5060790048AD47 /* ProfileTableViewTextFieldCell.h */ = {isa = PBXFileReference; fileEncoding = 4; lastKnownFileType = sourcecode.c.h; name = ProfileTableViewTextFieldCell.h; path = Classes/Account/Profile/ProfileTableViewTextFieldCell.h; sourceTree = "<group>"; };
		3388007D1D5060790048AD47 /* ProfileTableViewTextFieldCell.m */ = {isa = PBXFileReference; fileEncoding = 4; lastKnownFileType = sourcecode.c.objc; name = ProfileTableViewTextFieldCell.m; path = Classes/Account/Profile/ProfileTableViewTextFieldCell.m; sourceTree = "<group>"; };
		3388007E1D5060790048AD47 /* ProfileTableViewTextViewCell.h */ = {isa = PBXFileReference; fileEncoding = 4; lastKnownFileType = sourcecode.c.h; name = ProfileTableViewTextViewCell.h; path = Classes/Account/Profile/ProfileTableViewTextViewCell.h; sourceTree = "<group>"; };
		3388007F1D5060790048AD47 /* ProfileTableViewTextViewCell.m */ = {isa = PBXFileReference; fileEncoding = 4; lastKnownFileType = sourcecode.c.objc; name = ProfileTableViewTextViewCell.m; path = Classes/Account/Profile/ProfileTableViewTextViewCell.m; sourceTree = "<group>"; };
		338800881D669C7E0048AD47 /* CommonUtil.h */ = {isa = PBXFileReference; fileEncoding = 4; lastKnownFileType = sourcecode.c.h; name = CommonUtil.h; path = Classes/Common/Util/CommonUtil.h; sourceTree = "<group>"; };
		338800891D669C7E0048AD47 /* CommonUtil.m */ = {isa = PBXFileReference; fileEncoding = 4; lastKnownFileType = sourcecode.c.objc; name = CommonUtil.m; path = Classes/Common/Util/CommonUtil.m; sourceTree = "<group>"; };
		3388008B1D6AE1230048AD47 /* ProfileTextViewDetailViewController.h */ = {isa = PBXFileReference; fileEncoding = 4; lastKnownFileType = sourcecode.c.h; name = ProfileTextViewDetailViewController.h; path = Classes/Account/Profile/Detail/ProfileTextViewDetailViewController.h; sourceTree = "<group>"; };
		3388008C1D6AE1230048AD47 /* ProfileTextViewDetailViewController.m */ = {isa = PBXFileReference; fileEncoding = 4; lastKnownFileType = sourcecode.c.objc; name = ProfileTextViewDetailViewController.m; path = Classes/Account/Profile/Detail/ProfileTextViewDetailViewController.m; sourceTree = "<group>"; };
		3388008F1D6BE4BC0048AD47 /* ProfileTextFieldDetailViewController.h */ = {isa = PBXFileReference; fileEncoding = 4; lastKnownFileType = sourcecode.c.h; name = ProfileTextFieldDetailViewController.h; path = Classes/Account/Profile/Detail/ProfileTextFieldDetailViewController.h; sourceTree = "<group>"; };
		338800901D6BE4BC0048AD47 /* ProfileTextFieldDetailViewController.m */ = {isa = PBXFileReference; fileEncoding = 4; lastKnownFileType = sourcecode.c.objc; name = ProfileTextFieldDetailViewController.m; path = Classes/Account/Profile/Detail/ProfileTextFieldDetailViewController.m; sourceTree = "<group>"; };
		338800921D6BE94A0048AD47 /* ProfileTextDetailViewController.h */ = {isa = PBXFileReference; fileEncoding = 4; lastKnownFileType = sourcecode.c.h; name = ProfileTextDetailViewController.h; path = Classes/Account/Profile/Detail/ProfileTextDetailViewController.h; sourceTree = "<group>"; };
		338800931D6BE94A0048AD47 /* ProfileTextDetailViewController.m */ = {isa = PBXFileReference; fileEncoding = 4; lastKnownFileType = sourcecode.c.objc; name = ProfileTextDetailViewController.m; path = Classes/Account/Profile/Detail/ProfileTextDetailViewController.m; sourceTree = "<group>"; };
		338800951D6C076B0048AD47 /* SelectList.h */ = {isa = PBXFileReference; fileEncoding = 4; lastKnownFileType = sourcecode.c.h; name = SelectList.h; path = Classes/Common/Control/SelectList.h; sourceTree = "<group>"; };
		338800961D6C076B0048AD47 /* SelectList.m */ = {isa = PBXFileReference; fileEncoding = 4; lastKnownFileType = sourcecode.c.objc; name = SelectList.m; path = Classes/Common/Control/SelectList.m; sourceTree = "<group>"; };
		338800981D6C17E80048AD47 /* Combo2.h */ = {isa = PBXFileReference; fileEncoding = 4; lastKnownFileType = sourcecode.c.h; name = Combo2.h; path = Classes/Common/Control/Combo2.h; sourceTree = "<group>"; };
		338800991D6C17E80048AD47 /* Combo2.m */ = {isa = PBXFileReference; fileEncoding = 4; lastKnownFileType = sourcecode.c.objc; name = Combo2.m; path = Classes/Common/Control/Combo2.m; sourceTree = "<group>"; };
		3388009B1D6E7B370048AD47 /* GuideViewController.h */ = {isa = PBXFileReference; fileEncoding = 4; lastKnownFileType = sourcecode.c.h; name = GuideViewController.h; path = Classes/Account/GuideViewController.h; sourceTree = "<group>"; };
		3388009C1D6E7B370048AD47 /* GuideViewController.m */ = {isa = PBXFileReference; fileEncoding = 4; lastKnownFileType = sourcecode.c.objc; name = GuideViewController.m; path = Classes/Account/GuideViewController.m; sourceTree = "<group>"; };
		3388009E1D6E90A10048AD47 /* Join.storyboard */ = {isa = PBXFileReference; fileEncoding = 4; lastKnownFileType = file.storyboard; name = Join.storyboard; path = Storyboards/Join.storyboard; sourceTree = "<group>"; };
		338800A01D6EDD500048AD47 /* ValidateTextField.h */ = {isa = PBXFileReference; fileEncoding = 4; lastKnownFileType = sourcecode.c.h; name = ValidateTextField.h; path = Classes/Common/Control/ValidateTextField.h; sourceTree = "<group>"; };
		338800A11D6EDD500048AD47 /* ValidateTextField.m */ = {isa = PBXFileReference; fileEncoding = 4; lastKnownFileType = sourcecode.c.objc; name = ValidateTextField.m; path = Classes/Common/Control/ValidateTextField.m; sourceTree = "<group>"; };
		90B7BA5C150A7094D5D743F4 /* Pods-Soulmate.release.xcconfig */ = {isa = PBXFileReference; includeInIndex = 1; lastKnownFileType = text.xcconfig; name = "Pods-Soulmate.release.xcconfig"; path = "Pods/Target Support Files/Pods-Soulmate/Pods-Soulmate.release.xcconfig"; sourceTree = "<group>"; };
		970DDAE8515BE9CF68632053 /* libPods-Soulmate.a */ = {isa = PBXFileReference; explicitFileType = archive.ar; includeInIndex = 0; path = "libPods-Soulmate.a"; sourceTree = BUILT_PRODUCTS_DIR; };
/* End PBXFileReference section */

/* Begin PBXFrameworksBuildPhase section */
		338164D81D4726D20025752C /* Frameworks */ = {
			isa = PBXFrameworksBuildPhase;
			buildActionMask = 2147483647;
			files = (
				CB4D68272876320866B33597 /* libPods-Soulmate.a in Frameworks */,
			);
			runOnlyForDeploymentPostprocessing = 0;
		};
/* End PBXFrameworksBuildPhase section */

/* Begin PBXGroup section */
		338164D21D4726D10025752C = {
			isa = PBXGroup;
			children = (
				338164DD1D4726D20025752C /* Soulmate */,
				338164DC1D4726D20025752C /* Products */,
				3B45ABD63C64DADF6DDE7D2D /* Pods */,
				699778201B508677D136EA22 /* Frameworks */,
			);
			sourceTree = "<group>";
		};
		338164DC1D4726D20025752C /* Products */ = {
			isa = PBXGroup;
			children = (
				338164DB1D4726D20025752C /* Soulmate.app */,
			);
			name = Products;
			sourceTree = "<group>";
		};
		338164DD1D4726D20025752C /* Soulmate */ = {
			isa = PBXGroup;
			children = (
				3388001D1D4847920048AD47 /* CanapeSample */,
				3388001A1D4846970048AD47 /* Storyboards */,
				338164F51D4728C80025752C /* Classes */,
				338164E11D4726D20025752C /* AppDelegate.h */,
				338164E21D4726D20025752C /* AppDelegate.m */,
				338164E71D4726D20025752C /* Main.storyboard */,
				338164EA1D4726D20025752C /* Assets.xcassets */,
				338164EC1D4726D20025752C /* LaunchScreen.storyboard */,
				338164EF1D4726D20025752C /* Info.plist */,
				338164DE1D4726D20025752C /* Supporting Files */,
			);
			path = Soulmate;
			sourceTree = "<group>";
		};
		338164DE1D4726D20025752C /* Supporting Files */ = {
			isa = PBXGroup;
			children = (
				338164DF1D4726D20025752C /* main.m */,
				3381650C1D472BB10025752C /* Setting.plist */,
				3381650E1D472BBD0025752C /* SSO.plist */,
				338800171D483EB40048AD47 /* Localizable.strings */,
			);
			name = "Supporting Files";
			sourceTree = "<group>";
		};
		338164F51D4728C80025752C /* Classes */ = {
			isa = PBXGroup;
			children = (
				338164F81D4728E60025752C /* Home */,
				338164F71D4728DE0025752C /* Common */,
				338164F61D4728D20025752C /* Account */,
			);
			name = Classes;
			sourceTree = "<group>";
		};
		338164F61D4728D20025752C /* Account */ = {
			isa = PBXGroup;
			children = (
				338165011D4729840025752C /* Profile */,
				338165001D47297C0025752C /* Join */,
				338164FF1D4729760025752C /* Login */,
				3388009B1D6E7B370048AD47 /* GuideViewController.h */,
				3388009C1D6E7B370048AD47 /* GuideViewController.m */,
			);
			name = Account;
			sourceTree = "<group>";
		};
		338164F71D4728DE0025752C /* Common */ = {
			isa = PBXGroup;
			children = (
				338800871D669C0F0048AD47 /* Util */,
				338800591D4F41300048AD47 /* Model */,
				3388004F1D4870CA0048AD47 /* Control */,
				338800471D484B020048AD47 /* ViewController */,
			);
			name = Common;
			sourceTree = "<group>";
		};
		338164F81D4728E60025752C /* Home */ = {
			isa = PBXGroup;
			children = (
				338164F91D4729360025752C /* HomeViewController.h */,
				338164FA1D4729360025752C /* HomeViewController.m */,
				338164FC1D47295E0025752C /* IntroViewController.h */,
				338164FD1D47295E0025752C /* IntroViewController.m */,
			);
			name = Home;
			sourceTree = "<group>";
		};
		338164FF1D4729760025752C /* Login */ = {
			isa = PBXGroup;
			children = (
				338165051D4729EC0025752C /* LoginViewController.h */,
				338165061D4729EC0025752C /* LoginViewController.m */,
			);
			name = Login;
			sourceTree = "<group>";
		};
		338165001D47297C0025752C /* Join */ = {
			isa = PBXGroup;
			children = (
			);
			name = Join;
			sourceTree = "<group>";
		};
		338165011D4729840025752C /* Profile */ = {
			isa = PBXGroup;
			children = (
				3388008E1D6AE1270048AD47 /* Detail */,
				338800721D5060790048AD47 /* ProfileTableViewComboCell.h */,
				338800731D5060790048AD47 /* ProfileTableViewComboCell.m */,
				338800761D5060790048AD47 /* ProfileTableViewController.h */,
				338800771D5060790048AD47 /* ProfileTableViewController.m */,
				338800781D5060790048AD47 /* ProfileTableViewImageViewCell.h */,
				338800791D5060790048AD47 /* ProfileTableViewImageViewCell.m */,
				3388007A1D5060790048AD47 /* ProfileTableViewSubTitleCell.h */,
				3388007B1D5060790048AD47 /* ProfileTableViewSubTitleCell.m */,
				3388007C1D5060790048AD47 /* ProfileTableViewTextFieldCell.h */,
				3388007D1D5060790048AD47 /* ProfileTableViewTextFieldCell.m */,
				3388007E1D5060790048AD47 /* ProfileTableViewTextViewCell.h */,
				3388007F1D5060790048AD47 /* ProfileTableViewTextViewCell.m */,
				338165021D4729D50025752C /* ProfileViewController.h */,
				338165031D4729D50025752C /* ProfileViewController.m */,
			);
			name = Profile;
			sourceTree = "<group>";
		};
		3388001A1D4846970048AD47 /* Storyboards */ = {
			isa = PBXGroup;
			children = (
				3388001B1D4846C00048AD47 /* Canape.storyboard */,
				3388009E1D6E90A10048AD47 /* Join.storyboard */,
			);
			name = Storyboards;
			sourceTree = "<group>";
		};
		3388001D1D4847920048AD47 /* CanapeSample */ = {
			isa = PBXGroup;
			children = (
				3388004B1D484BD10048AD47 /* CanapeSampleConstants.h */,
				3388001E1D4847920048AD47 /* ActionSheetViewController.h */,
				3388001F1D4847920048AD47 /* ActionSheetViewController.m */,
				338800201D4847920048AD47 /* AlertViewController.h */,
				338800211D4847920048AD47 /* AlertViewController.m */,
				338800221D4847920048AD47 /* ComboSample.h */,
				338800231D4847920048AD47 /* ComboSample.m */,
				338800241D4847920048AD47 /* EncryptionPlistViewController.h */,
				338800251D4847920048AD47 /* EncryptionPlistViewController.m */,
				338800261D4847920048AD47 /* LoaderViewController.h */,
				338800271D4847920048AD47 /* LoaderViewController.m */,
				338800281D4847920048AD47 /* PlistViewController.h */,
				338800291D4847920048AD47 /* PlistViewController.m */,
				3388002A1D4847920048AD47 /* SelectableButtonViewController.h */,
				3388002B1D4847920048AD47 /* SelectableButtonViewController.m */,
				3388002C1D4847920048AD47 /* StackViewController.h */,
				3388002D1D4847920048AD47 /* StackViewController.m */,
				3388002E1D4847920048AD47 /* ToastViewController.h */,
				3388002F1D4847920048AD47 /* ToastViewController.m */,
				338800301D4847920048AD47 /* TokenViewController.h */,
				338800311D4847920048AD47 /* TokenViewController.m */,
				338800321D4847920048AD47 /* ValidationViewController.h */,
				338800331D4847920048AD47 /* ValidationViewController.m */,
				338800341D4847920048AD47 /* View.xib */,
				338800351D4847920048AD47 /* ViewPagerSubViewController.h */,
				338800361D4847920048AD47 /* ViewPagerSubViewController.m */,
				338800371D4847920048AD47 /* ViewPagerViewController.h */,
				338800381D4847920048AD47 /* ViewPagerViewController.m */,
				3388004C1D484C550048AD47 /* CanapeSampleViewController.h */,
				3388004D1D484C550048AD47 /* CanapeSampleViewController.m */,
			);
			path = CanapeSample;
			sourceTree = "<group>";
		};
		338800471D484B020048AD47 /* ViewController */ = {
			isa = PBXGroup;
			children = (
				338800481D484B430048AD47 /* BaseMainViewController.h */,
				338800491D484B430048AD47 /* BaseMainViewController.m */,
			);
			name = ViewController;
			sourceTree = "<group>";
		};
		3388004F1D4870CA0048AD47 /* Control */ = {
			isa = PBXGroup;
			children = (
				338800981D6C17E80048AD47 /* Combo2.h */,
				338800991D6C17E80048AD47 /* Combo2.m */,
				338800501D4871070048AD47 /* Combo.h */,
				338800511D4871070048AD47 /* Combo.m */,
				338800561D4B1D2A0048AD47 /* AutoResizeTextView.h */,
				338800571D4B1D2A0048AD47 /* AutoResizeTextView.m */,
				338800951D6C076B0048AD47 /* SelectList.h */,
				338800961D6C076B0048AD47 /* SelectList.m */,
				338800A01D6EDD500048AD47 /* ValidateTextField.h */,
				338800A11D6EDD500048AD47 /* ValidateTextField.m */,
			);
			name = Control;
			sourceTree = "<group>";
		};
		338800591D4F41300048AD47 /* Model */ = {
			isa = PBXGroup;
			children = (
				3388005A1D4F41C20048AD47 /* Profile.h */,
				3388005B1D4F41C20048AD47 /* Profile.m */,
			);
			name = Model;
			sourceTree = "<group>";
		};
		338800871D669C0F0048AD47 /* Util */ = {
			isa = PBXGroup;
			children = (
				338800881D669C7E0048AD47 /* CommonUtil.h */,
				338800891D669C7E0048AD47 /* CommonUtil.m */,
			);
			name = Util;
			sourceTree = "<group>";
		};
		3388008E1D6AE1270048AD47 /* Detail */ = {
			isa = PBXGroup;
			children = (
				338800921D6BE94A0048AD47 /* ProfileTextDetailViewController.h */,
				338800931D6BE94A0048AD47 /* ProfileTextDetailViewController.m */,
				3388008F1D6BE4BC0048AD47 /* ProfileTextFieldDetailViewController.h */,
				338800901D6BE4BC0048AD47 /* ProfileTextFieldDetailViewController.m */,
				3388008B1D6AE1230048AD47 /* ProfileTextViewDetailViewController.h */,
				3388008C1D6AE1230048AD47 /* ProfileTextViewDetailViewController.m */,
			);
			name = Detail;
			sourceTree = "<group>";
		};
		3B45ABD63C64DADF6DDE7D2D /* Pods */ = {
			isa = PBXGroup;
			children = (
				0ED4A85756E406DA99B9261B /* Pods-Soulmate.debug.xcconfig */,
				90B7BA5C150A7094D5D743F4 /* Pods-Soulmate.release.xcconfig */,
			);
			name = Pods;
			sourceTree = "<group>";
		};
		699778201B508677D136EA22 /* Frameworks */ = {
			isa = PBXGroup;
			children = (
				970DDAE8515BE9CF68632053 /* libPods-Soulmate.a */,
			);
			name = Frameworks;
			sourceTree = "<group>";
		};
/* End PBXGroup section */

/* Begin PBXNativeTarget section */
		338164DA1D4726D20025752C /* Soulmate */ = {
			isa = PBXNativeTarget;
			buildConfigurationList = 338164F21D4726D20025752C /* Build configuration list for PBXNativeTarget "Soulmate" */;
			buildPhases = (
				BDD0B5A6BCF616E20CA8F7DB /* Check Pods Manifest.lock */,
				338164D71D4726D20025752C /* Sources */,
				338164D81D4726D20025752C /* Frameworks */,
				338164D91D4726D20025752C /* Resources */,
				786488AA9C4973F0976B161C /* Copy Pods Resources */,
			);
			buildRules = (
			);
			dependencies = (
			);
			name = Soulmate;
			productName = Soulmate;
			productReference = 338164DB1D4726D20025752C /* Soulmate.app */;
			productType = "com.apple.product-type.application";
		};
/* End PBXNativeTarget section */

/* Begin PBXProject section */
		338164D31D4726D10025752C /* Project object */ = {
			isa = PBXProject;
			attributes = {
				LastUpgradeCheck = 0730;
				ORGANIZATIONNAME = bliex;
				TargetAttributes = {
					338164DA1D4726D20025752C = {
						CreatedOnToolsVersion = 7.3.1;
					};
				};
			};
			buildConfigurationList = 338164D61D4726D10025752C /* Build configuration list for PBXProject "Soulmate" */;
			compatibilityVersion = "Xcode 3.2";
			developmentRegion = English;
			hasScannedForEncodings = 0;
			knownRegions = (
				en,
				Base,
				ko,
			);
			mainGroup = 338164D21D4726D10025752C;
			productRefGroup = 338164DC1D4726D20025752C /* Products */;
			projectDirPath = "";
			projectRoot = "";
			targets = (
				338164DA1D4726D20025752C /* Soulmate */,
			);
		};
/* End PBXProject section */

/* Begin PBXResourcesBuildPhase section */
		338164D91D4726D20025752C /* Resources */ = {
			isa = PBXResourcesBuildPhase;
			buildActionMask = 2147483647;
			files = (
				338164EE1D4726D20025752C /* LaunchScreen.storyboard in Resources */,
				3388009F1D6E90A10048AD47 /* Join.storyboard in Resources */,
				338800151D483EB40048AD47 /* Localizable.strings in Resources */,
				3381650F1D472BBE0025752C /* SSO.plist in Resources */,
				3381650D1D472BB10025752C /* Setting.plist in Resources */,
				338800441D4847920048AD47 /* View.xib in Resources */,
				338164EB1D4726D20025752C /* Assets.xcassets in Resources */,
				338164E91D4726D20025752C /* Main.storyboard in Resources */,
				3388001C1D4846C00048AD47 /* Canape.storyboard in Resources */,
			);
			runOnlyForDeploymentPostprocessing = 0;
		};
/* End PBXResourcesBuildPhase section */

/* Begin PBXShellScriptBuildPhase section */
		786488AA9C4973F0976B161C /* Copy Pods Resources */ = {
			isa = PBXShellScriptBuildPhase;
			buildActionMask = 2147483647;
			files = (
			);
			inputPaths = (
			);
			name = "Copy Pods Resources";
			outputPaths = (
			);
			runOnlyForDeploymentPostprocessing = 0;
			shellPath = /bin/sh;
			shellScript = "\"${SRCROOT}/Pods/Target Support Files/Pods-Soulmate/Pods-Soulmate-resources.sh\"\n";
			showEnvVarsInLog = 0;
		};
		BDD0B5A6BCF616E20CA8F7DB /* Check Pods Manifest.lock */ = {
			isa = PBXShellScriptBuildPhase;
			buildActionMask = 2147483647;
			files = (
			);
			inputPaths = (
			);
			name = "Check Pods Manifest.lock";
			outputPaths = (
			);
			runOnlyForDeploymentPostprocessing = 0;
			shellPath = /bin/sh;
			shellScript = "diff \"${PODS_ROOT}/../Podfile.lock\" \"${PODS_ROOT}/Manifest.lock\" > /dev/null\nif [[ $? != 0 ]] ; then\n    cat << EOM\nerror: The sandbox is not in sync with the Podfile.lock. Run 'pod install' or update your CocoaPods installation.\nEOM\n    exit 1\nfi\n";
			showEnvVarsInLog = 0;
		};
/* End PBXShellScriptBuildPhase section */

/* Begin PBXSourcesBuildPhase section */
		338164D71D4726D20025752C /* Sources */ = {
			isa = PBXSourcesBuildPhase;
			buildActionMask = 2147483647;
			files = (
				338800461D4847920048AD47 /* ViewPagerViewController.m in Sources */,
				338800421D4847920048AD47 /* TokenViewController.m in Sources */,
				338164E31D4726D20025752C /* AppDelegate.m in Sources */,
				3388008D1D6AE1230048AD47 /* ProfileTextViewDetailViewController.m in Sources */,
				338800861D5060790048AD47 /* ProfileTableViewTextViewCell.m in Sources */,
				338164E01D4726D20025752C /* main.m in Sources */,
				338800841D5060790048AD47 /* ProfileTableViewSubTitleCell.m in Sources */,
				338800851D5060790048AD47 /* ProfileTableViewTextFieldCell.m in Sources */,
				338800391D4847920048AD47 /* ActionSheetViewController.m in Sources */,
				338800801D5060790048AD47 /* ProfileTableViewComboCell.m in Sources */,
				338800971D6C076B0048AD47 /* SelectList.m in Sources */,
				338164FB1D4729360025752C /* HomeViewController.m in Sources */,
				338800911D6BE4BC0048AD47 /* ProfileTextFieldDetailViewController.m in Sources */,
				3388004A1D484B430048AD47 /* BaseMainViewController.m in Sources */,
				338165071D4729EC0025752C /* LoginViewController.m in Sources */,
				338800A21D6EDD500048AD47 /* ValidateTextField.m in Sources */,
				3388005C1D4F41C20048AD47 /* Profile.m in Sources */,
				3388008A1D669C7E0048AD47 /* CommonUtil.m in Sources */,
				338165041D4729D50025752C /* ProfileViewController.m in Sources */,
				3388003B1D4847920048AD47 /* ComboSample.m in Sources */,
				338800451D4847920048AD47 /* ViewPagerSubViewController.m in Sources */,
				338164FE1D47295E0025752C /* IntroViewController.m in Sources */,
				3388009A1D6C17E80048AD47 /* Combo2.m in Sources */,
				3388003F1D4847920048AD47 /* SelectableButtonViewController.m in Sources */,
				338800831D5060790048AD47 /* ProfileTableViewImageViewCell.m in Sources */,
				3388004E1D484C550048AD47 /* CanapeSampleViewController.m in Sources */,
				338800401D4847920048AD47 /* StackViewController.m in Sources */,
				338800581D4B1D2A0048AD47 /* AutoResizeTextView.m in Sources */,
				3388003D1D4847920048AD47 /* LoaderViewController.m in Sources */,
				3388003C1D4847920048AD47 /* EncryptionPlistViewController.m in Sources */,
				3388009D1D6E7B370048AD47 /* GuideViewController.m in Sources */,
				338800821D5060790048AD47 /* ProfileTableViewController.m in Sources */,
				338800941D6BE94A0048AD47 /* ProfileTextDetailViewController.m in Sources */,
				338800431D4847920048AD47 /* ValidationViewController.m in Sources */,
				3388003A1D4847920048AD47 /* AlertViewController.m in Sources */,
				338800411D4847920048AD47 /* ToastViewController.m in Sources */,
				338800521D4871070048AD47 /* Combo.m in Sources */,
				3388003E1D4847920048AD47 /* PlistViewController.m in Sources */,
			);
			runOnlyForDeploymentPostprocessing = 0;
		};
/* End PBXSourcesBuildPhase section */

/* Begin PBXVariantGroup section */
		338164E71D4726D20025752C /* Main.storyboard */ = {
			isa = PBXVariantGroup;
			children = (
				338164E81D4726D20025752C /* Base */,
				338800111D483E0D0048AD47 /* ko */,
			);
			name = Main.storyboard;
			sourceTree = "<group>";
		};
		338164EC1D4726D20025752C /* LaunchScreen.storyboard */ = {
			isa = PBXVariantGroup;
			children = (
				338164ED1D4726D20025752C /* Base */,
				338800121D483E0D0048AD47 /* ko */,
			);
			name = LaunchScreen.storyboard;
			sourceTree = "<group>";
		};
		338800171D483EB40048AD47 /* Localizable.strings */ = {
			isa = PBXVariantGroup;
			children = (
				338800181D483EB70048AD47 /* en */,
				338800191D483EC20048AD47 /* ko */,
			);
			name = Localizable.strings;
			sourceTree = "<group>";
		};
/* End PBXVariantGroup section */

/* Begin XCBuildConfiguration section */
		338164F01D4726D20025752C /* Debug */ = {
			isa = XCBuildConfiguration;
			buildSettings = {
				ALWAYS_SEARCH_USER_PATHS = NO;
				CLANG_ANALYZER_NONNULL = YES;
				CLANG_CXX_LANGUAGE_STANDARD = "gnu++0x";
				CLANG_CXX_LIBRARY = "libc++";
				CLANG_ENABLE_MODULES = YES;
				CLANG_ENABLE_OBJC_ARC = YES;
				CLANG_WARN_BOOL_CONVERSION = YES;
				CLANG_WARN_CONSTANT_CONVERSION = YES;
				CLANG_WARN_DIRECT_OBJC_ISA_USAGE = YES_ERROR;
				CLANG_WARN_EMPTY_BODY = YES;
				CLANG_WARN_ENUM_CONVERSION = YES;
				CLANG_WARN_INT_CONVERSION = YES;
				CLANG_WARN_OBJC_ROOT_CLASS = YES_ERROR;
				CLANG_WARN_UNREACHABLE_CODE = YES;
				CLANG_WARN__DUPLICATE_METHOD_MATCH = YES;
				"CODE_SIGN_IDENTITY[sdk=iphoneos*]" = "iPhone Developer";
				COPY_PHASE_STRIP = NO;
				DEBUG_INFORMATION_FORMAT = dwarf;
				ENABLE_STRICT_OBJC_MSGSEND = YES;
				ENABLE_TESTABILITY = YES;
				GCC_C_LANGUAGE_STANDARD = gnu99;
				GCC_DYNAMIC_NO_PIC = NO;
				GCC_NO_COMMON_BLOCKS = YES;
				GCC_OPTIMIZATION_LEVEL = 0;
				GCC_PREPROCESSOR_DEFINITIONS = (
					"DEBUG=1",
					"$(inherited)",
				);
				GCC_WARN_64_TO_32_BIT_CONVERSION = YES;
				GCC_WARN_ABOUT_RETURN_TYPE = YES_ERROR;
				GCC_WARN_UNDECLARED_SELECTOR = YES;
				GCC_WARN_UNINITIALIZED_AUTOS = YES_AGGRESSIVE;
				GCC_WARN_UNUSED_FUNCTION = YES;
				GCC_WARN_UNUSED_VARIABLE = YES;
				IPHONEOS_DEPLOYMENT_TARGET = 9.3;
				MTL_ENABLE_DEBUG_INFO = YES;
				ONLY_ACTIVE_ARCH = YES;
				SDKROOT = iphoneos;
			};
			name = Debug;
		};
		338164F11D4726D20025752C /* Release */ = {
			isa = XCBuildConfiguration;
			buildSettings = {
				ALWAYS_SEARCH_USER_PATHS = NO;
				CLANG_ANALYZER_NONNULL = YES;
				CLANG_CXX_LANGUAGE_STANDARD = "gnu++0x";
				CLANG_CXX_LIBRARY = "libc++";
				CLANG_ENABLE_MODULES = YES;
				CLANG_ENABLE_OBJC_ARC = YES;
				CLANG_WARN_BOOL_CONVERSION = YES;
				CLANG_WARN_CONSTANT_CONVERSION = YES;
				CLANG_WARN_DIRECT_OBJC_ISA_USAGE = YES_ERROR;
				CLANG_WARN_EMPTY_BODY = YES;
				CLANG_WARN_ENUM_CONVERSION = YES;
				CLANG_WARN_INT_CONVERSION = YES;
				CLANG_WARN_OBJC_ROOT_CLASS = YES_ERROR;
				CLANG_WARN_UNREACHABLE_CODE = YES;
				CLANG_WARN__DUPLICATE_METHOD_MATCH = YES;
				"CODE_SIGN_IDENTITY[sdk=iphoneos*]" = "iPhone Developer";
				COPY_PHASE_STRIP = NO;
				DEBUG_INFORMATION_FORMAT = "dwarf-with-dsym";
				ENABLE_NS_ASSERTIONS = NO;
				ENABLE_STRICT_OBJC_MSGSEND = YES;
				GCC_C_LANGUAGE_STANDARD = gnu99;
				GCC_NO_COMMON_BLOCKS = YES;
				GCC_WARN_64_TO_32_BIT_CONVERSION = YES;
				GCC_WARN_ABOUT_RETURN_TYPE = YES_ERROR;
				GCC_WARN_UNDECLARED_SELECTOR = YES;
				GCC_WARN_UNINITIALIZED_AUTOS = YES_AGGRESSIVE;
				GCC_WARN_UNUSED_FUNCTION = YES;
				GCC_WARN_UNUSED_VARIABLE = YES;
				IPHONEOS_DEPLOYMENT_TARGET = 9.3;
				MTL_ENABLE_DEBUG_INFO = NO;
				SDKROOT = iphoneos;
				VALIDATE_PRODUCT = YES;
			};
			name = Release;
		};
		338164F31D4726D20025752C /* Debug */ = {
			isa = XCBuildConfiguration;
			baseConfigurationReference = 0ED4A85756E406DA99B9261B /* Pods-Soulmate.debug.xcconfig */;
			buildSettings = {
				ASSETCATALOG_COMPILER_APPICON_NAME = AppIcon;
				INFOPLIST_FILE = Soulmate/Info.plist;
				LD_RUNPATH_SEARCH_PATHS = "$(inherited) @executable_path/Frameworks";
				PRODUCT_BUNDLE_IDENTIFIER = com.bliex.Soulmate;
				PRODUCT_NAME = "$(TARGET_NAME)";
			};
			name = Debug;
		};
		338164F41D4726D20025752C /* Release */ = {
			isa = XCBuildConfiguration;
			baseConfigurationReference = 90B7BA5C150A7094D5D743F4 /* Pods-Soulmate.release.xcconfig */;
			buildSettings = {
				ASSETCATALOG_COMPILER_APPICON_NAME = AppIcon;
				INFOPLIST_FILE = Soulmate/Info.plist;
				LD_RUNPATH_SEARCH_PATHS = "$(inherited) @executable_path/Frameworks";
				PRODUCT_BUNDLE_IDENTIFIER = com.bliex.Soulmate;
				PRODUCT_NAME = "$(TARGET_NAME)";
			};
			name = Release;
		};
/* End XCBuildConfiguration section */

/* Begin XCConfigurationList section */
		338164D61D4726D10025752C /* Build configuration list for PBXProject "Soulmate" */ = {
			isa = XCConfigurationList;
			buildConfigurations = (
				338164F01D4726D20025752C /* Debug */,
				338164F11D4726D20025752C /* Release */,
			);
			defaultConfigurationIsVisible = 0;
			defaultConfigurationName = Release;
		};
		338164F21D4726D20025752C /* Build configuration list for PBXNativeTarget "Soulmate" */ = {
			isa = XCConfigurationList;
			buildConfigurations = (
				338164F31D4726D20025752C /* Debug */,
				338164F41D4726D20025752C /* Release */,
			);
			defaultConfigurationIsVisible = 0;
			defaultConfigurationName = Release;
		};
/* End XCConfigurationList section */
	};
	rootObject = 338164D31D4726D10025752C /* Project object */;
}
